
Microsoft Visual Studio Solution File, Format Version 12.00
# Visual Studio 2013
VisualStudioVersion = 12.0.21005.1
MinimumVisualStudioVersion = 10.0.40219.1
Project("{FAE04EC0-301F-11D3-BF4B-00C04F79EFBC}") = "PandaApp", "PandaApp\PandaApp.csproj", "{FAEE9AC4-C31C-4468-8C9B-9605DDF29DB6}"
EndProject
Project("{FAE04EC0-301F-11D3-BF4B-00C04F79EFBC}") = "PandaApp.Tests", "PandaApp.Tests\PandaApp.Tests.csproj", "{7CEC5F5C-5798-4B1B-90FD-BA8773C79165}"
EndProject
Project("{F088123C-0E9E-452A-89E6-6BA2F21D5CAC}") = "ModelingProject2", "ModelingProject2\ModelingProject2.modelproj", "{939E996D-2DA1-4EE3-81F8-E3D00BCBADC6}"
EndProject
Global
	GlobalSection(SolutionConfigurationPlatforms) = preSolution
		Debug|Any CPU = Debug|Any CPU
		Release|Any CPU = Release|Any CPU
	EndGlobalSection
	GlobalSection(ProjectConfigurationPlatforms) = postSolution
		{FAEE9AC4-C31C-4468-8C9B-9605DDF29DB6}.Debug|Any CPU.ActiveCfg = Debug|Any CPU
		{FAEE9AC4-C31C-4468-8C9B-9605DDF29DB6}.Debug|Any CPU.Build.0 = Debug|Any CPU
		{FAEE9AC4-C31C-4468-8C9B-9605DDF29DB6}.Release|Any CPU.ActiveCfg = Release|Any CPU
		{FAEE9AC4-C31C-4468-8C9B-9605DDF29DB6}.Release|Any CPU.Build.0 = Release|Any CPU
		{7CEC5F5C-5798-4B1B-90FD-BA8773C79165}.Debug|Any CPU.ActiveCfg = Debug|Any CPU
		{7CEC5F5C-5798-4B1B-90FD-BA8773C79165}.Debug|Any CPU.Build.0 = Debug|Any CPU
		{7CEC5F5C-5798-4B1B-90FD-BA8773C79165}.Release|Any CPU.ActiveCfg = Release|Any CPU
		{7CEC5F5C-5798-4B1B-90FD-BA8773C79165}.Release|Any CPU.Build.0 = Release|Any CPU
		{939E996D-2DA1-4EE3-81F8-E3D00BCBADC6}.Debug|Any CPU.ActiveCfg = Debug|Any CPU
		{939E996D-2DA1-4EE3-81F8-E3D00BCBADC6}.Debug|Any CPU.Build.0 = Debug|Any CPU
		{939E996D-2DA1-4EE3-81F8-E3D00BCBADC6}.Release|Any CPU.ActiveCfg = Release|Any CPU
		{939E996D-2DA1-4EE3-81F8-E3D00BCBADC6}.Release|Any CPU.Build.0 = Release|Any CPU
	EndGlobalSection
	GlobalSection(SolutionProperties) = preSolution
		HideSolutionNode = FALSE
	EndGlobalSection
EndGlobal
